// !$*UTF8*$!
{
	archiveVersion = 1;
	classes = {
	};
	objectVersion = 56;
	objects = {

/* Begin PBXBuildFile section */
		8001D7252B4C16E10065C303 /* DXBayApp.swift in Sources */ = {isa = PBXBuildFile; fileRef = 8001D7242B4C16E10065C303 /* DXBayApp.swift */; };
		8001D7272B4C16E10065C303 /* HomeListView.swift in Sources */ = {isa = PBXBuildFile; fileRef = 8001D7262B4C16E10065C303 /* HomeListView.swift */; };
		8001D7292B4C16E20065C303 /* Assets.xcassets in Resources */ = {isa = PBXBuildFile; fileRef = 8001D7282B4C16E20065C303 /* Assets.xcassets */; };
		8001D72D2B4C16E20065C303 /* Preview Assets.xcassets in Resources */ = {isa = PBXBuildFile; fileRef = 8001D72C2B4C16E20065C303 /* Preview Assets.xcassets */; };
		8001D7342B4C23930065C303 /* Models.swift in Sources */ = {isa = PBXBuildFile; fileRef = 8001D7332B4C23930065C303 /* Models.swift */; };
		806B367F2B515EB9009ABEAA /* CustomAvatar.swift in Sources */ = {isa = PBXBuildFile; fileRef = 806B367E2B515EB9009ABEAA /* CustomAvatar.swift */; };
		806B36822B515F27009ABEAA /* HomeTransactionCell.swift in Sources */ = {isa = PBXBuildFile; fileRef = 806B36812B515F27009ABEAA /* HomeTransactionCell.swift */; };
		806B36852B5162B6009ABEAA /* SplitFlow.swift in Sources */ = {isa = PBXBuildFile; fileRef = 806B36842B5162B6009ABEAA /* SplitFlow.swift */; };
		806B36872B5162E1009ABEAA /* SplitAmountView.swift in Sources */ = {isa = PBXBuildFile; fileRef = 806B36862B5162E1009ABEAA /* SplitAmountView.swift */; };
		806B368A2B516326009ABEAA /* SplitInfoView.swift in Sources */ = {isa = PBXBuildFile; fileRef = 806B36892B516326009ABEAA /* SplitInfoView.swift */; };
		806B368D2B516673009ABEAA /* ProfileView.swift in Sources */ = {isa = PBXBuildFile; fileRef = 806B368C2B516673009ABEAA /* ProfileView.swift */; };
		80D238E62B4E9C5100F90E2E /* OnboardingRouter.swift in Sources */ = {isa = PBXBuildFile; fileRef = 80D238E52B4E9C5100F90E2E /* OnboardingRouter.swift */; };
		80D238E82B4E9D8A00F90E2E /* OnboardingFlow.swift in Sources */ = {isa = PBXBuildFile; fileRef = 80D238E72B4E9D8A00F90E2E /* OnboardingFlow.swift */; };
		80D238EA2B4EA2E200F90E2E /* GoogleService-Info.plist in Resources */ = {isa = PBXBuildFile; fileRef = 80D238E92B4EA2E200F90E2E /* GoogleService-Info.plist */; };
		80D238ED2B4EB77600F90E2E /* BalanceView.swift in Sources */ = {isa = PBXBuildFile; fileRef = 80D238EC2B4EB77600F90E2E /* BalanceView.swift */; };
		80D238EF2B4EBCA800F90E2E /* FirebaseDatabaseSwift in Frameworks */ = {isa = PBXBuildFile; productRef = 80D238EE2B4EBCA800F90E2E /* FirebaseDatabaseSwift */; };
		80D238F12B4EBCB600F90E2E /* FirebaseDatabase in Frameworks */ = {isa = PBXBuildFile; productRef = 80D238F02B4EBCB600F90E2E /* FirebaseDatabase */; };
		80D238F62B4EF50A00F90E2E /* HomeRouter.swift in Sources */ = {isa = PBXBuildFile; fileRef = 80D238F52B4EF50A00F90E2E /* HomeRouter.swift */; };
		80D238F82B4EF52B00F90E2E /* HomeFlow.swift in Sources */ = {isa = PBXBuildFile; fileRef = 80D238F72B4EF52B00F90E2E /* HomeFlow.swift */; };
		80D238FC2B4EF6E000F90E2E /* FloatingButtonView.swift in Sources */ = {isa = PBXBuildFile; fileRef = 80D238FB2B4EF6E000F90E2E /* FloatingButtonView.swift */; };
		80D238FE2B4EF7B400F90E2E /* DXAuth.swift in Sources */ = {isa = PBXBuildFile; fileRef = 80D238FD2B4EF7B400F90E2E /* DXAuth.swift */; };
		80F93A772B4C287600D30361 /* GetStartedView.swift in Sources */ = {isa = PBXBuildFile; fileRef = 80F93A762B4C287600D30361 /* GetStartedView.swift */; };
		80F93A792B4C29F600D30361 /* DXCore.swift in Sources */ = {isa = PBXBuildFile; fileRef = 80F93A782B4C29F600D30361 /* DXCore.swift */; };
		80F93A7C2B4C2AA600D30361 /* FirebaseDynamicLinks in Frameworks */ = {isa = PBXBuildFile; productRef = 80F93A7B2B4C2AA600D30361 /* FirebaseDynamicLinks */; };
		80F93A7E2B4C2AA600D30361 /* FirebaseFirestore in Frameworks */ = {isa = PBXBuildFile; productRef = 80F93A7D2B4C2AA600D30361 /* FirebaseFirestore */; };
		80F93A802B4C2AA600D30361 /* FirebaseFirestoreSwift in Frameworks */ = {isa = PBXBuildFile; productRef = 80F93A7F2B4C2AA600D30361 /* FirebaseFirestoreSwift */; };
		80F93A832B4C2ACA00D30361 /* FirebaseAuth in Frameworks */ = {isa = PBXBuildFile; productRef = 80F93A822B4C2ACA00D30361 /* FirebaseAuth */; };
		80F93A852B4C324A00D30361 /* PhoneEnterView.swift in Sources */ = {isa = PBXBuildFile; fileRef = 80F93A842B4C324A00D30361 /* PhoneEnterView.swift */; };
		80F93A882B4C328700D30361 /* iPhoneNumberField in Frameworks */ = {isa = PBXBuildFile; productRef = 80F93A872B4C328700D30361 /* iPhoneNumberField */; };
		80F93A8C2B4C387500D30361 /* PhoneVerifyView.swift in Sources */ = {isa = PBXBuildFile; fileRef = 80F93A8B2B4C387500D30361 /* PhoneVerifyView.swift */; };
		80F93AA92B51104B00D30361 /* SplitRouter.swift in Sources */ = {isa = PBXBuildFile; fileRef = 80F93AA82B51104B00D30361 /* SplitRouter.swift */; };
		80F93AAE2B5112EA00D30361 /* CustomButton.swift in Sources */ = {isa = PBXBuildFile; fileRef = 80F93AAD2B5112EA00D30361 /* CustomButton.swift */; };
		80F93AB22B511CC900D30361 /* CustomInputField.swift in Sources */ = {isa = PBXBuildFile; fileRef = 80F93AB12B511CC900D30361 /* CustomInputField.swift */; };
		80F93AB42B511FCB00D30361 /* View.swift in Sources */ = {isa = PBXBuildFile; fileRef = 80F93AB32B511FCB00D30361 /* View.swift */; };
		80F93AB72B51257400D30361 /* CustomText.swift in Sources */ = {isa = PBXBuildFile; fileRef = 80F93AB62B51257400D30361 /* CustomText.swift */; };
/* End PBXBuildFile section */

/* Begin PBXFileReference section */
		8001D7212B4C16E10065C303 /* DXBay.app */ = {isa = PBXFileReference; explicitFileType = wrapper.application; includeInIndex = 0; path = DXBay.app; sourceTree = BUILT_PRODUCTS_DIR; };
		8001D7242B4C16E10065C303 /* DXBayApp.swift */ = {isa = PBXFileReference; lastKnownFileType = sourcecode.swift; path = DXBayApp.swift; sourceTree = "<group>"; };
		8001D7262B4C16E10065C303 /* HomeListView.swift */ = {isa = PBXFileReference; lastKnownFileType = sourcecode.swift; path = HomeListView.swift; sourceTree = "<group>"; };
		8001D7282B4C16E20065C303 /* Assets.xcassets */ = {isa = PBXFileReference; lastKnownFileType = folder.assetcatalog; path = Assets.xcassets; sourceTree = "<group>"; };
		8001D72A2B4C16E20065C303 /* DXBay.entitlements */ = {isa = PBXFileReference; lastKnownFileType = text.plist.entitlements; path = DXBay.entitlements; sourceTree = "<group>"; };
		8001D72C2B4C16E20065C303 /* Preview Assets.xcassets */ = {isa = PBXFileReference; lastKnownFileType = folder.assetcatalog; path = "Preview Assets.xcassets"; sourceTree = "<group>"; };
		8001D7332B4C23930065C303 /* Models.swift */ = {isa = PBXFileReference; lastKnownFileType = sourcecode.swift; path = Models.swift; sourceTree = "<group>"; };
		806B367E2B515EB9009ABEAA /* CustomAvatar.swift */ = {isa = PBXFileReference; lastKnownFileType = sourcecode.swift; path = CustomAvatar.swift; sourceTree = "<group>"; };
		806B36812B515F27009ABEAA /* HomeTransactionCell.swift */ = {isa = PBXFileReference; lastKnownFileType = sourcecode.swift; path = HomeTransactionCell.swift; sourceTree = "<group>"; };
		806B36842B5162B6009ABEAA /* SplitFlow.swift */ = {isa = PBXFileReference; lastKnownFileType = sourcecode.swift; path = SplitFlow.swift; sourceTree = "<group>"; };
		806B36862B5162E1009ABEAA /* SplitAmountView.swift */ = {isa = PBXFileReference; lastKnownFileType = sourcecode.swift; path = SplitAmountView.swift; sourceTree = "<group>"; };
		806B36892B516326009ABEAA /* SplitInfoView.swift */ = {isa = PBXFileReference; lastKnownFileType = sourcecode.swift; path = SplitInfoView.swift; sourceTree = "<group>"; };
		806B368C2B516673009ABEAA /* ProfileView.swift */ = {isa = PBXFileReference; lastKnownFileType = sourcecode.swift; path = ProfileView.swift; sourceTree = "<group>"; };
		80D238E52B4E9C5100F90E2E /* OnboardingRouter.swift */ = {isa = PBXFileReference; lastKnownFileType = sourcecode.swift; path = OnboardingRouter.swift; sourceTree = "<group>"; };
		80D238E72B4E9D8A00F90E2E /* OnboardingFlow.swift */ = {isa = PBXFileReference; lastKnownFileType = sourcecode.swift; path = OnboardingFlow.swift; sourceTree = "<group>"; };
		80D238E92B4EA2E200F90E2E /* GoogleService-Info.plist */ = {isa = PBXFileReference; fileEncoding = 4; lastKnownFileType = text.plist.xml; path = "GoogleService-Info.plist"; sourceTree = "<group>"; };
		80D238EB2B4EA62000F90E2E /* Info.plist */ = {isa = PBXFileReference; lastKnownFileType = text.plist.xml; path = Info.plist; sourceTree = "<group>"; };
		80D238EC2B4EB77600F90E2E /* BalanceView.swift */ = {isa = PBXFileReference; lastKnownFileType = sourcecode.swift; path = BalanceView.swift; sourceTree = "<group>"; };
		80D238F52B4EF50A00F90E2E /* HomeRouter.swift */ = {isa = PBXFileReference; lastKnownFileType = sourcecode.swift; path = HomeRouter.swift; sourceTree = "<group>"; };
		80D238F72B4EF52B00F90E2E /* HomeFlow.swift */ = {isa = PBXFileReference; lastKnownFileType = sourcecode.swift; path = HomeFlow.swift; sourceTree = "<group>"; };
		80D238FB2B4EF6E000F90E2E /* FloatingButtonView.swift */ = {isa = PBXFileReference; lastKnownFileType = sourcecode.swift; path = FloatingButtonView.swift; sourceTree = "<group>"; };
		80D238FD2B4EF7B400F90E2E /* DXAuth.swift */ = {isa = PBXFileReference; lastKnownFileType = sourcecode.swift; path = DXAuth.swift; sourceTree = "<group>"; };
		80F93A762B4C287600D30361 /* GetStartedView.swift */ = {isa = PBXFileReference; lastKnownFileType = sourcecode.swift; path = GetStartedView.swift; sourceTree = "<group>"; };
		80F93A782B4C29F600D30361 /* DXCore.swift */ = {isa = PBXFileReference; lastKnownFileType = sourcecode.swift; path = DXCore.swift; sourceTree = "<group>"; };
		80F93A842B4C324A00D30361 /* PhoneEnterView.swift */ = {isa = PBXFileReference; lastKnownFileType = sourcecode.swift; path = PhoneEnterView.swift; sourceTree = "<group>"; };
		80F93A8B2B4C387500D30361 /* PhoneVerifyView.swift */ = {isa = PBXFileReference; lastKnownFileType = sourcecode.swift; path = PhoneVerifyView.swift; sourceTree = "<group>"; };
		80F93AA82B51104B00D30361 /* SplitRouter.swift */ = {isa = PBXFileReference; lastKnownFileType = sourcecode.swift; path = SplitRouter.swift; sourceTree = "<group>"; };
		80F93AAD2B5112EA00D30361 /* CustomButton.swift */ = {isa = PBXFileReference; lastKnownFileType = sourcecode.swift; path = CustomButton.swift; sourceTree = "<group>"; };
		80F93AB12B511CC900D30361 /* CustomInputField.swift */ = {isa = PBXFileReference; lastKnownFileType = sourcecode.swift; path = CustomInputField.swift; sourceTree = "<group>"; };
		80F93AB32B511FCB00D30361 /* View.swift */ = {isa = PBXFileReference; lastKnownFileType = sourcecode.swift; path = View.swift; sourceTree = "<group>"; };
		80F93AB62B51257400D30361 /* CustomText.swift */ = {isa = PBXFileReference; lastKnownFileType = sourcecode.swift; path = CustomText.swift; sourceTree = "<group>"; };
/* End PBXFileReference section */

/* Begin PBXFrameworksBuildPhase section */
		8001D71E2B4C16E10065C303 /* Frameworks */ = {
			isa = PBXFrameworksBuildPhase;
			buildActionMask = 2147483647;
			files = (
				80D238EF2B4EBCA800F90E2E /* FirebaseDatabaseSwift in Frameworks */,
				80F93A7C2B4C2AA600D30361 /* FirebaseDynamicLinks in Frameworks */,
				80F93A7E2B4C2AA600D30361 /* FirebaseFirestore in Frameworks */,
				80F93A802B4C2AA600D30361 /* FirebaseFirestoreSwift in Frameworks */,
				80F93A882B4C328700D30361 /* iPhoneNumberField in Frameworks */,
				80D238F12B4EBCB600F90E2E /* FirebaseDatabase in Frameworks */,
				80F93A832B4C2ACA00D30361 /* FirebaseAuth in Frameworks */,
			);
			runOnlyForDeploymentPostprocessing = 0;
		};
/* End PBXFrameworksBuildPhase section */

/* Begin PBXGroup section */
		8001D7182B4C16E10065C303 = {
			isa = PBXGroup;
			children = (
				8001D7232B4C16E10065C303 /* DXBay */,
				8001D7222B4C16E10065C303 /* Products */,
				80F93A812B4C2ACA00D30361 /* Frameworks */,
			);
			sourceTree = "<group>";
		};
		8001D7222B4C16E10065C303 /* Products */ = {
			isa = PBXGroup;
			children = (
				8001D7212B4C16E10065C303 /* DXBay.app */,
			);
			name = Products;
			sourceTree = "<group>";
		};
		8001D7232B4C16E10065C303 /* DXBay */ = {
			isa = PBXGroup;
			children = (
				80D238F22B4EF4AA00F90E2E /* Core */,
				806B368B2B516666009ABEAA /* Profile */,
				80F93AB52B511FD200D30361 /* Extensions */,
				80F93AAC2B5112E300D30361 /* Components */,
				80F93AA72B51103C00D30361 /* Split */,
				80D238F42B4EF4EC00F90E2E /* Onboarding */,
				80D238F32B4EF4DA00F90E2E /* Home */,
				8001D7332B4C23930065C303 /* Models.swift */,
				8001D7282B4C16E20065C303 /* Assets.xcassets */,
				80D238E92B4EA2E200F90E2E /* GoogleService-Info.plist */,
				8001D72A2B4C16E20065C303 /* DXBay.entitlements */,
				8001D72B2B4C16E20065C303 /* Preview Content */,
			);
			path = DXBay;
			sourceTree = "<group>";
		};
		8001D72B2B4C16E20065C303 /* Preview Content */ = {
			isa = PBXGroup;
			children = (
				8001D72C2B4C16E20065C303 /* Preview Assets.xcassets */,
			);
			path = "Preview Content";
			sourceTree = "<group>";
		};
		806B368B2B516666009ABEAA /* Profile */ = {
			isa = PBXGroup;
			children = (
				806B368C2B516673009ABEAA /* ProfileView.swift */,
			);
			path = Profile;
			sourceTree = "<group>";
		};
		80D238F22B4EF4AA00F90E2E /* Core */ = {
			isa = PBXGroup;
			children = (
				80D238EB2B4EA62000F90E2E /* Info.plist */,
				8001D7242B4C16E10065C303 /* DXBayApp.swift */,
				80F93A782B4C29F600D30361 /* DXCore.swift */,
				80D238FD2B4EF7B400F90E2E /* DXAuth.swift */,
			);
			path = Core;
			sourceTree = "<group>";
		};
		80D238F32B4EF4DA00F90E2E /* Home */ = {
			isa = PBXGroup;
			children = (
				80D238F52B4EF50A00F90E2E /* HomeRouter.swift */,
				80D238F72B4EF52B00F90E2E /* HomeFlow.swift */,
				8001D7262B4C16E10065C303 /* HomeListView.swift */,
				80D238FB2B4EF6E000F90E2E /* FloatingButtonView.swift */,
				80D238EC2B4EB77600F90E2E /* BalanceView.swift */,
				806B36812B515F27009ABEAA /* HomeTransactionCell.swift */,
			);
			path = Home;
			sourceTree = "<group>";
		};
		80D238F42B4EF4EC00F90E2E /* Onboarding */ = {
			isa = PBXGroup;
			children = (
				80D238E52B4E9C5100F90E2E /* OnboardingRouter.swift */,
				80D238E72B4E9D8A00F90E2E /* OnboardingFlow.swift */,
				80F93A762B4C287600D30361 /* GetStartedView.swift */,
				80F93A842B4C324A00D30361 /* PhoneEnterView.swift */,
				80F93A8B2B4C387500D30361 /* PhoneVerifyView.swift */,
			);
			path = Onboarding;
			sourceTree = "<group>";
		};
		80F93A812B4C2ACA00D30361 /* Frameworks */ = {
			isa = PBXGroup;
			children = (
			);
			name = Frameworks;
			sourceTree = "<group>";
		};
		80F93AA72B51103C00D30361 /* Split */ = {
			isa = PBXGroup;
			children = (
				80F93AA82B51104B00D30361 /* SplitRouter.swift */,
				806B36842B5162B6009ABEAA /* SplitFlow.swift */,
				806B36862B5162E1009ABEAA /* SplitAmountView.swift */,
				806B36892B516326009ABEAA /* SplitInfoView.swift */,
			);
			path = Split;
			sourceTree = "<group>";
		};
		80F93AAC2B5112E300D30361 /* Components */ = {
			isa = PBXGroup;
			children = (
				80F93AAD2B5112EA00D30361 /* CustomButton.swift */,
				80F93AB62B51257400D30361 /* CustomText.swift */,
				80F93AB12B511CC900D30361 /* CustomInputField.swift */,
				806B367E2B515EB9009ABEAA /* CustomAvatar.swift */,
			);
			path = Components;
			sourceTree = "<group>";
		};
		80F93AB52B511FD200D30361 /* Extensions */ = {
			isa = PBXGroup;
			children = (
				80F93AB32B511FCB00D30361 /* View.swift */,
			);
			path = Extensions;
			sourceTree = "<group>";
		};
/* End PBXGroup section */

/* Begin PBXNativeTarget section */
		8001D7202B4C16E10065C303 /* DXBay */ = {
			isa = PBXNativeTarget;
			buildConfigurationList = 8001D7302B4C16E20065C303 /* Build configuration list for PBXNativeTarget "DXBay" */;
			buildPhases = (
				8001D71D2B4C16E10065C303 /* Sources */,
				8001D71E2B4C16E10065C303 /* Frameworks */,
				8001D71F2B4C16E10065C303 /* Resources */,
			);
			buildRules = (
			);
			dependencies = (
			);
			name = DXBay;
			packageProductDependencies = (
				80F93A7B2B4C2AA600D30361 /* FirebaseDynamicLinks */,
				80F93A7D2B4C2AA600D30361 /* FirebaseFirestore */,
				80F93A7F2B4C2AA600D30361 /* FirebaseFirestoreSwift */,
				80F93A822B4C2ACA00D30361 /* FirebaseAuth */,
				80F93A872B4C328700D30361 /* iPhoneNumberField */,
				80D238EE2B4EBCA800F90E2E /* FirebaseDatabaseSwift */,
				80D238F02B4EBCB600F90E2E /* FirebaseDatabase */,
			);
			productName = DXBay;
			productReference = 8001D7212B4C16E10065C303 /* DXBay.app */;
			productType = "com.apple.product-type.application";
		};
/* End PBXNativeTarget section */

/* Begin PBXProject section */
		8001D7192B4C16E10065C303 /* Project object */ = {
			isa = PBXProject;
			attributes = {
				BuildIndependentTargetsInParallel = 1;
				LastSwiftUpdateCheck = 1510;
				LastUpgradeCheck = 1510;
				TargetAttributes = {
					8001D7202B4C16E10065C303 = {
						CreatedOnToolsVersion = 15.1;
					};
				};
			};
			buildConfigurationList = 8001D71C2B4C16E10065C303 /* Build configuration list for PBXProject "DXBay" */;
			compatibilityVersion = "Xcode 14.0";
			developmentRegion = en;
			hasScannedForEncodings = 0;
			knownRegions = (
				en,
				Base,
			);
			mainGroup = 8001D7182B4C16E10065C303;
			packageReferences = (
				80F93A7A2B4C2AA600D30361 /* XCRemoteSwiftPackageReference "firebase-ios-sdk" */,
				80F93A862B4C328700D30361 /* XCRemoteSwiftPackageReference "iPhoneNumberField" */,
			);
			productRefGroup = 8001D7222B4C16E10065C303 /* Products */;
			projectDirPath = "";
			projectRoot = "";
			targets = (
				8001D7202B4C16E10065C303 /* DXBay */,
			);
		};
/* End PBXProject section */

/* Begin PBXResourcesBuildPhase section */
		8001D71F2B4C16E10065C303 /* Resources */ = {
			isa = PBXResourcesBuildPhase;
			buildActionMask = 2147483647;
			files = (
				8001D72D2B4C16E20065C303 /* Preview Assets.xcassets in Resources */,
				8001D7292B4C16E20065C303 /* Assets.xcassets in Resources */,
				80D238EA2B4EA2E200F90E2E /* GoogleService-Info.plist in Resources */,
			);
			runOnlyForDeploymentPostprocessing = 0;
		};
/* End PBXResourcesBuildPhase section */

/* Begin PBXSourcesBuildPhase section */
		8001D71D2B4C16E10065C303 /* Sources */ = {
			isa = PBXSourcesBuildPhase;
			buildActionMask = 2147483647;
			files = (
				806B36852B5162B6009ABEAA /* SplitFlow.swift in Sources */,
				806B368A2B516326009ABEAA /* SplitInfoView.swift in Sources */,
				806B36872B5162E1009ABEAA /* SplitAmountView.swift in Sources */,
				8001D7342B4C23930065C303 /* Models.swift in Sources */,
				80F93AA92B51104B00D30361 /* SplitRouter.swift in Sources */,
				80F93AB22B511CC900D30361 /* CustomInputField.swift in Sources */,
				80D238ED2B4EB77600F90E2E /* BalanceView.swift in Sources */,
				806B368D2B516673009ABEAA /* ProfileView.swift in Sources */,
				806B36822B515F27009ABEAA /* HomeTransactionCell.swift in Sources */,
				80F93A792B4C29F600D30361 /* DXCore.swift in Sources */,
				80F93AAE2B5112EA00D30361 /* CustomButton.swift in Sources */,
				80F93A852B4C324A00D30361 /* PhoneEnterView.swift in Sources */,
				80F93A772B4C287600D30361 /* GetStartedView.swift in Sources */,
				8001D7272B4C16E10065C303 /* HomeListView.swift in Sources */,
				80D238E62B4E9C5100F90E2E /* OnboardingRouter.swift in Sources */,
				80D238E82B4E9D8A00F90E2E /* OnboardingFlow.swift in Sources */,
				8001D7252B4C16E10065C303 /* DXBayApp.swift in Sources */,
				80D238FE2B4EF7B400F90E2E /* DXAuth.swift in Sources */,
				80F93A8C2B4C387500D30361 /* PhoneVerifyView.swift in Sources */,
				80F93AB72B51257400D30361 /* CustomText.swift in Sources */,
				80F93AB42B511FCB00D30361 /* View.swift in Sources */,
				80D238F82B4EF52B00F90E2E /* HomeFlow.swift in Sources */,
				80D238FC2B4EF6E000F90E2E /* FloatingButtonView.swift in Sources */,
				80D238F62B4EF50A00F90E2E /* HomeRouter.swift in Sources */,
				806B367F2B515EB9009ABEAA /* CustomAvatar.swift in Sources */,
			);
			runOnlyForDeploymentPostprocessing = 0;
		};
/* End PBXSourcesBuildPhase section */

/* Begin XCBuildConfiguration section */
		8001D72E2B4C16E20065C303 /* Debug */ = {
			isa = XCBuildConfiguration;
			buildSettings = {
				ALWAYS_SEARCH_USER_PATHS = NO;
				ASSETCATALOG_COMPILER_GENERATE_SWIFT_ASSET_SYMBOL_EXTENSIONS = YES;
				CLANG_ANALYZER_NONNULL = YES;
				CLANG_ANALYZER_NUMBER_OBJECT_CONVERSION = YES_AGGRESSIVE;
				CLANG_CXX_LANGUAGE_STANDARD = "gnu++20";
				CLANG_ENABLE_MODULES = YES;
				CLANG_ENABLE_OBJC_ARC = YES;
				CLANG_ENABLE_OBJC_WEAK = YES;
				CLANG_WARN_BLOCK_CAPTURE_AUTORELEASING = YES;
				CLANG_WARN_BOOL_CONVERSION = YES;
				CLANG_WARN_COMMA = YES;
				CLANG_WARN_CONSTANT_CONVERSION = YES;
				CLANG_WARN_DEPRECATED_OBJC_IMPLEMENTATIONS = YES;
				CLANG_WARN_DIRECT_OBJC_ISA_USAGE = YES_ERROR;
				CLANG_WARN_DOCUMENTATION_COMMENTS = YES;
				CLANG_WARN_EMPTY_BODY = YES;
				CLANG_WARN_ENUM_CONVERSION = YES;
				CLANG_WARN_INFINITE_RECURSION = YES;
				CLANG_WARN_INT_CONVERSION = YES;
				CLANG_WARN_NON_LITERAL_NULL_CONVERSION = YES;
				CLANG_WARN_OBJC_IMPLICIT_RETAIN_SELF = YES;
				CLANG_WARN_OBJC_LITERAL_CONVERSION = YES;
				CLANG_WARN_OBJC_ROOT_CLASS = YES_ERROR;
				CLANG_WARN_QUOTED_INCLUDE_IN_FRAMEWORK_HEADER = YES;
				CLANG_WARN_RANGE_LOOP_ANALYSIS = YES;
				CLANG_WARN_STRICT_PROTOTYPES = YES;
				CLANG_WARN_SUSPICIOUS_MOVE = YES;
				CLANG_WARN_UNGUARDED_AVAILABILITY = YES_AGGRESSIVE;
				CLANG_WARN_UNREACHABLE_CODE = YES;
				CLANG_WARN__DUPLICATE_METHOD_MATCH = YES;
				COPY_PHASE_STRIP = NO;
				DEBUG_INFORMATION_FORMAT = dwarf;
				ENABLE_STRICT_OBJC_MSGSEND = YES;
				ENABLE_TESTABILITY = YES;
				ENABLE_USER_SCRIPT_SANDBOXING = YES;
				GCC_C_LANGUAGE_STANDARD = gnu17;
				GCC_DYNAMIC_NO_PIC = NO;
				GCC_NO_COMMON_BLOCKS = YES;
				GCC_OPTIMIZATION_LEVEL = 0;
				GCC_PREPROCESSOR_DEFINITIONS = (
					"DEBUG=1",
					"$(inherited)",
				);
				GCC_WARN_64_TO_32_BIT_CONVERSION = YES;
				GCC_WARN_ABOUT_RETURN_TYPE = YES_ERROR;
				GCC_WARN_UNDECLARED_SELECTOR = YES;
				GCC_WARN_UNINITIALIZED_AUTOS = YES_AGGRESSIVE;
				GCC_WARN_UNUSED_FUNCTION = YES;
				GCC_WARN_UNUSED_VARIABLE = YES;
				LOCALIZATION_PREFERS_STRING_CATALOGS = YES;
				MTL_ENABLE_DEBUG_INFO = INCLUDE_SOURCE;
				MTL_FAST_MATH = YES;
				ONLY_ACTIVE_ARCH = YES;
				SWIFT_ACTIVE_COMPILATION_CONDITIONS = "DEBUG $(inherited)";
				SWIFT_OPTIMIZATION_LEVEL = "-Onone";
			};
			name = Debug;
		};
		8001D72F2B4C16E20065C303 /* Release */ = {
			isa = XCBuildConfiguration;
			buildSettings = {
				ALWAYS_SEARCH_USER_PATHS = NO;
				ASSETCATALOG_COMPILER_GENERATE_SWIFT_ASSET_SYMBOL_EXTENSIONS = YES;
				CLANG_ANALYZER_NONNULL = YES;
				CLANG_ANALYZER_NUMBER_OBJECT_CONVERSION = YES_AGGRESSIVE;
				CLANG_CXX_LANGUAGE_STANDARD = "gnu++20";
				CLANG_ENABLE_MODULES = YES;
				CLANG_ENABLE_OBJC_ARC = YES;
				CLANG_ENABLE_OBJC_WEAK = YES;
				CLANG_WARN_BLOCK_CAPTURE_AUTORELEASING = YES;
				CLANG_WARN_BOOL_CONVERSION = YES;
				CLANG_WARN_COMMA = YES;
				CLANG_WARN_CONSTANT_CONVERSION = YES;
				CLANG_WARN_DEPRECATED_OBJC_IMPLEMENTATIONS = YES;
				CLANG_WARN_DIRECT_OBJC_ISA_USAGE = YES_ERROR;
				CLANG_WARN_DOCUMENTATION_COMMENTS = YES;
				CLANG_WARN_EMPTY_BODY = YES;
				CLANG_WARN_ENUM_CONVERSION = YES;
				CLANG_WARN_INFINITE_RECURSION = YES;
				CLANG_WARN_INT_CONVERSION = YES;
				CLANG_WARN_NON_LITERAL_NULL_CONVERSION = YES;
				CLANG_WARN_OBJC_IMPLICIT_RETAIN_SELF = YES;
				CLANG_WARN_OBJC_LITERAL_CONVERSION = YES;
				CLANG_WARN_OBJC_ROOT_CLASS = YES_ERROR;
				CLANG_WARN_QUOTED_INCLUDE_IN_FRAMEWORK_HEADER = YES;
				CLANG_WARN_RANGE_LOOP_ANALYSIS = YES;
				CLANG_WARN_STRICT_PROTOTYPES = YES;
				CLANG_WARN_SUSPICIOUS_MOVE = YES;
				CLANG_WARN_UNGUARDED_AVAILABILITY = YES_AGGRESSIVE;
				CLANG_WARN_UNREACHABLE_CODE = YES;
				CLANG_WARN__DUPLICATE_METHOD_MATCH = YES;
				COPY_PHASE_STRIP = NO;
				DEBUG_INFORMATION_FORMAT = "dwarf-with-dsym";
				ENABLE_NS_ASSERTIONS = NO;
				ENABLE_STRICT_OBJC_MSGSEND = YES;
				ENABLE_USER_SCRIPT_SANDBOXING = YES;
				GCC_C_LANGUAGE_STANDARD = gnu17;
				GCC_NO_COMMON_BLOCKS = YES;
				GCC_WARN_64_TO_32_BIT_CONVERSION = YES;
				GCC_WARN_ABOUT_RETURN_TYPE = YES_ERROR;
				GCC_WARN_UNDECLARED_SELECTOR = YES;
				GCC_WARN_UNINITIALIZED_AUTOS = YES_AGGRESSIVE;
				GCC_WARN_UNUSED_FUNCTION = YES;
				GCC_WARN_UNUSED_VARIABLE = YES;
				LOCALIZATION_PREFERS_STRING_CATALOGS = YES;
				MTL_ENABLE_DEBUG_INFO = NO;
				MTL_FAST_MATH = YES;
				SWIFT_COMPILATION_MODE = wholemodule;
			};
			name = Release;
		};
		8001D7312B4C16E20065C303 /* Debug */ = {
			isa = XCBuildConfiguration;
			buildSettings = {
				ASSETCATALOG_COMPILER_APPICON_NAME = AppIcon;
				ASSETCATALOG_COMPILER_GLOBAL_ACCENT_COLOR_NAME = AccentColor;
				CODE_SIGN_ENTITLEMENTS = DXBay/DXBay.entitlements;
				CODE_SIGN_STYLE = Automatic;
				CURRENT_PROJECT_VERSION = 1;
				DEVELOPMENT_ASSET_PATHS = "\"DXBay/Preview Content\"";
				DEVELOPMENT_TEAM = TTYJ2FP72Q;
				ENABLE_HARDENED_RUNTIME = YES;
				ENABLE_PREVIEWS = YES;
				GENERATE_INFOPLIST_FILE = YES;
				INFOPLIST_FILE = DXBay/Core/Info.plist;
				"INFOPLIST_KEY_UIApplicationSceneManifest_Generation[sdk=iphoneos*]" = YES;
				"INFOPLIST_KEY_UIApplicationSceneManifest_Generation[sdk=iphonesimulator*]" = YES;
				"INFOPLIST_KEY_UIApplicationSupportsIndirectInputEvents[sdk=iphoneos*]" = YES;
				"INFOPLIST_KEY_UIApplicationSupportsIndirectInputEvents[sdk=iphonesimulator*]" = YES;
				"INFOPLIST_KEY_UILaunchScreen_Generation[sdk=iphoneos*]" = YES;
				"INFOPLIST_KEY_UILaunchScreen_Generation[sdk=iphonesimulator*]" = YES;
				"INFOPLIST_KEY_UIStatusBarStyle[sdk=iphoneos*]" = UIStatusBarStyleDefault;
				"INFOPLIST_KEY_UIStatusBarStyle[sdk=iphonesimulator*]" = UIStatusBarStyleDefault;
				INFOPLIST_KEY_UISupportedInterfaceOrientations_iPad = "UIInterfaceOrientationPortrait UIInterfaceOrientationPortraitUpsideDown UIInterfaceOrientationLandscapeLeft UIInterfaceOrientationLandscapeRight";
				INFOPLIST_KEY_UISupportedInterfaceOrientations_iPhone = "UIInterfaceOrientationPortrait UIInterfaceOrientationLandscapeLeft UIInterfaceOrientationLandscapeRight";
				IPHONEOS_DEPLOYMENT_TARGET = 17.2;
				LD_RUNPATH_SEARCH_PATHS = "@executable_path/Frameworks";
				"LD_RUNPATH_SEARCH_PATHS[sdk=macosx*]" = "@executable_path/../Frameworks";
				MACOSX_DEPLOYMENT_TARGET = 14.2;
				MARKETING_VERSION = 1.0;
				PRODUCT_BUNDLE_IDENTIFIER = com.DXBay;
				PRODUCT_NAME = "$(TARGET_NAME)";
				SDKROOT = auto;
				SUPPORTED_PLATFORMS = "iphoneos iphonesimulator macosx";
				SWIFT_EMIT_LOC_STRINGS = YES;
				SWIFT_VERSION = 5.0;
				TARGETED_DEVICE_FAMILY = "1,2";
			};
			name = Debug;
		};
		8001D7322B4C16E20065C303 /* Release */ = {
			isa = XCBuildConfiguration;
			buildSettings = {
				ASSETCATALOG_COMPILER_APPICON_NAME = AppIcon;
				ASSETCATALOG_COMPILER_GLOBAL_ACCENT_COLOR_NAME = AccentColor;
				CODE_SIGN_ENTITLEMENTS = DXBay/DXBay.entitlements;
				CODE_SIGN_STYLE = Automatic;
				CURRENT_PROJECT_VERSION = 1;
				DEVELOPMENT_ASSET_PATHS = "\"DXBay/Preview Content\"";
				DEVELOPMENT_TEAM = TTYJ2FP72Q;
				ENABLE_HARDENED_RUNTIME = YES;
				ENABLE_PREVIEWS = YES;
				GENERATE_INFOPLIST_FILE = YES;
				INFOPLIST_FILE = DXBay/Core/Info.plist;
				"INFOPLIST_KEY_UIApplicationSceneManifest_Generation[sdk=iphoneos*]" = YES;
				"INFOPLIST_KEY_UIApplicationSceneManifest_Generation[sdk=iphonesimulator*]" = YES;
				"INFOPLIST_KEY_UIApplicationSupportsIndirectInputEvents[sdk=iphoneos*]" = YES;
				"INFOPLIST_KEY_UIApplicationSupportsIndirectInputEvents[sdk=iphonesimulator*]" = YES;
				"INFOPLIST_KEY_UILaunchScreen_Generation[sdk=iphoneos*]" = YES;
				"INFOPLIST_KEY_UILaunchScreen_Generation[sdk=iphonesimulator*]" = YES;
				"INFOPLIST_KEY_UIStatusBarStyle[sdk=iphoneos*]" = UIStatusBarStyleDefault;
				"INFOPLIST_KEY_UIStatusBarStyle[sdk=iphonesimulator*]" = UIStatusBarStyleDefault;
				INFOPLIST_KEY_UISupportedInterfaceOrientations_iPad = "UIInterfaceOrientationPortrait UIInterfaceOrientationPortraitUpsideDown UIInterfaceOrientationLandscapeLeft UIInterfaceOrientationLandscapeRight";
				INFOPLIST_KEY_UISupportedInterfaceOrientations_iPhone = "UIInterfaceOrientationPortrait UIInterfaceOrientationLandscapeLeft UIInterfaceOrientationLandscapeRight";
				IPHONEOS_DEPLOYMENT_TARGET = 17.2;
				LD_RUNPATH_SEARCH_PATHS = "@executable_path/Frameworks";
				"LD_RUNPATH_SEARCH_PATHS[sdk=macosx*]" = "@executable_path/../Frameworks";
				MACOSX_DEPLOYMENT_TARGET = 14.2;
				MARKETING_VERSION = 1.0;
				PRODUCT_BUNDLE_IDENTIFIER = com.DXBay;
				PRODUCT_NAME = "$(TARGET_NAME)";
				SDKROOT = auto;
				SUPPORTED_PLATFORMS = "iphoneos iphonesimulator macosx";
				SWIFT_EMIT_LOC_STRINGS = YES;
				SWIFT_VERSION = 5.0;
				TARGETED_DEVICE_FAMILY = "1,2";
			};
			name = Release;
		};
/* End XCBuildConfiguration section */

/* Begin XCConfigurationList section */
		8001D71C2B4C16E10065C303 /* Build configuration list for PBXProject "DXBay" */ = {
			isa = XCConfigurationList;
			buildConfigurations = (
				8001D72E2B4C16E20065C303 /* Debug */,
				8001D72F2B4C16E20065C303 /* Release */,
			);
			defaultConfigurationIsVisible = 0;
			defaultConfigurationName = Release;
		};
		8001D7302B4C16E20065C303 /* Build configuration list for PBXNativeTarget "DXBay" */ = {
			isa = XCConfigurationList;
			buildConfigurations = (
				8001D7312B4C16E20065C303 /* Debug */,
				8001D7322B4C16E20065C303 /* Release */,
			);
			defaultConfigurationIsVisible = 0;
			defaultConfigurationName = Release;
		};
/* End XCConfigurationList section */

/* Begin XCRemoteSwiftPackageReference section */
		80F93A7A2B4C2AA600D30361 /* XCRemoteSwiftPackageReference "firebase-ios-sdk" */ = {
			isa = XCRemoteSwiftPackageReference;
			repositoryURL = "https://github.com/firebase/firebase-ios-sdk.git";
			requirement = {
				kind = upToNextMajorVersion;
				minimumVersion = 10.19.1;
			};
		};
		80F93A862B4C328700D30361 /* XCRemoteSwiftPackageReference "iPhoneNumberField" */ = {
			isa = XCRemoteSwiftPackageReference;
			repositoryURL = "https://github.com/MojtabaHs/iPhoneNumberField.git";
			requirement = {
				kind = upToNextMajorVersion;
				minimumVersion = 0.10.1;
			};
		};
/* End XCRemoteSwiftPackageReference section */

/* Begin XCSwiftPackageProductDependency section */
		80D238EE2B4EBCA800F90E2E /* FirebaseDatabaseSwift */ = {
			isa = XCSwiftPackageProductDependency;
			package = 80F93A7A2B4C2AA600D30361 /* XCRemoteSwiftPackageReference "firebase-ios-sdk" */;
			productName = FirebaseDatabaseSwift;
		};
		80D238F02B4EBCB600F90E2E /* FirebaseDatabase */ = {
			isa = XCSwiftPackageProductDependency;
			package = 80F93A7A2B4C2AA600D30361 /* XCRemoteSwiftPackageReference "firebase-ios-sdk" */;
			productName = FirebaseDatabase;
		};
		80F93A7B2B4C2AA600D30361 /* FirebaseDynamicLinks */ = {
			isa = XCSwiftPackageProductDependency;
			package = 80F93A7A2B4C2AA600D30361 /* XCRemoteSwiftPackageReference "firebase-ios-sdk" */;
			productName = FirebaseDynamicLinks;
		};
		80F93A7D2B4C2AA600D30361 /* FirebaseFirestore */ = {
			isa = XCSwiftPackageProductDependency;
			package = 80F93A7A2B4C2AA600D30361 /* XCRemoteSwiftPackageReference "firebase-ios-sdk" */;
			productName = FirebaseFirestore;
		};
		80F93A7F2B4C2AA600D30361 /* FirebaseFirestoreSwift */ = {
			isa = XCSwiftPackageProductDependency;
			package = 80F93A7A2B4C2AA600D30361 /* XCRemoteSwiftPackageReference "firebase-ios-sdk" */;
			productName = FirebaseFirestoreSwift;
		};
		80F93A822B4C2ACA00D30361 /* FirebaseAuth */ = {
			isa = XCSwiftPackageProductDependency;
			package = 80F93A7A2B4C2AA600D30361 /* XCRemoteSwiftPackageReference "firebase-ios-sdk" */;
			productName = FirebaseAuth;
		};
		80F93A872B4C328700D30361 /* iPhoneNumberField */ = {
			isa = XCSwiftPackageProductDependency;
			package = 80F93A862B4C328700D30361 /* XCRemoteSwiftPackageReference "iPhoneNumberField" */;
			productName = iPhoneNumberField;
		};
/* End XCSwiftPackageProductDependency section */
	};
	rootObject = 8001D7192B4C16E10065C303 /* Project object */;
}
